
Microsoft Visual Studio Solution File, Format Version 11.00
# Visual Studio 2010
Project("{8BC9CEB8-8B4A-11D0-8D11-00A0C91BC942}") = "SmtpMail", "SmtpMail\SmtpMail.vcxproj", "{CB55EE1C-4B70-407B-8C73-DC2BC909BCF1}"
EndProject
Global
	GlobalSection(SolutionConfigurationPlatforms) = preSolution
		Debug|Win32 = Debug|Win32
		Release|Win32 = Release|Win32
	EndGlobalSection
	GlobalSection(ProjectConfigurationPlatforms) = postSolution
		{CB55EE1C-4B70-407B-8C73-DC2BC909BCF1}.Debug|Win32.ActiveCfg = Debug|Win32
		{CB55EE1C-4B70-407B-8C73-DC2BC909BCF1}.Debug|Win32.Build.0 = Debug|Win32
		{CB55EE1C-4B70-407B-8C73-DC2BC909BCF1}.Release|Win32.ActiveCfg = Release|Win32
		{CB55EE1C-4B70-407B-8C73-DC2BC909BCF1}.Release|Win32.Build.0 = Release|Win32
	EndGlobalSection
	GlobalSection(SolutionProperties) = preSolution
		HideSolutionNode = FALSE
	EndGlobalSection
EndGlobal
